// !$*UTF8*$!
{
	archiveVersion = 1;
	classes = {
	};
	objectVersion = 56;
	objects = {

/* Begin PBXBuildFile section */
		600528C92954EFB2006AB6AC /* StatsRecorderView.swift in Sources */ = {isa = PBXBuildFile; fileRef = 600528C82954EFB2006AB6AC /* StatsRecorderView.swift */; };
		600528CB2954F015006AB6AC /* GameStatsViewModel.swift in Sources */ = {isa = PBXBuildFile; fileRef = 600528CA2954F015006AB6AC /* GameStatsViewModel.swift */; };
		600528CD2954FE05006AB6AC /* PlayerRowSelectableView.swift in Sources */ = {isa = PBXBuildFile; fileRef = 600528CC2954FE05006AB6AC /* PlayerRowSelectableView.swift */; };
		605E14D4293F7B6A00B906A4 /* BoxScoreApp.swift in Sources */ = {isa = PBXBuildFile; fileRef = 605E14D3293F7B6A00B906A4 /* BoxScoreApp.swift */; };
		605E14D6293F7B6A00B906A4 /* DashboardView.swift in Sources */ = {isa = PBXBuildFile; fileRef = 605E14D5293F7B6A00B906A4 /* DashboardView.swift */; };
		605E14D8293F7B6C00B906A4 /* Assets.xcassets in Resources */ = {isa = PBXBuildFile; fileRef = 605E14D7293F7B6C00B906A4 /* Assets.xcassets */; };
		605E14DB293F7B6C00B906A4 /* Preview Assets.xcassets in Resources */ = {isa = PBXBuildFile; fileRef = 605E14DA293F7B6C00B906A4 /* Preview Assets.xcassets */; };
		605E14E5293F7B6C00B906A4 /* BoxScoreTests.swift in Sources */ = {isa = PBXBuildFile; fileRef = 605E14E4293F7B6C00B906A4 /* BoxScoreTests.swift */; };
		605E14EF293F7B6C00B906A4 /* BoxScoreUITests.swift in Sources */ = {isa = PBXBuildFile; fileRef = 605E14EE293F7B6C00B906A4 /* BoxScoreUITests.swift */; };
		605E14F1293F7B6C00B906A4 /* BoxScoreUITestsLaunchTests.swift in Sources */ = {isa = PBXBuildFile; fileRef = 605E14F0293F7B6C00B906A4 /* BoxScoreUITestsLaunchTests.swift */; };
		605E1502293F7E8300B906A4 /* Colors+Extension.swift in Sources */ = {isa = PBXBuildFile; fileRef = 605E1501293F7E8300B906A4 /* Colors+Extension.swift */; };
		605E1504293F822F00B906A4 /* DashboardRowView.swift in Sources */ = {isa = PBXBuildFile; fileRef = 605E1503293F822F00B906A4 /* DashboardRowView.swift */; };
		605E1506293F824100B906A4 /* DashboardViewModel.swift in Sources */ = {isa = PBXBuildFile; fileRef = 605E1505293F824100B906A4 /* DashboardViewModel.swift */; };
		60A4EE9A2948BC9800E8747B /* Game.swift in Sources */ = {isa = PBXBuildFile; fileRef = 60A4EE992948BC9800E8747B /* Game.swift */; };
		60A4EE9C2948BCA600E8747B /* Team.swift in Sources */ = {isa = PBXBuildFile; fileRef = 60A4EE9B2948BCA600E8747B /* Team.swift */; };
		60A4EE9E2948BCBA00E8747B /* Player.swift in Sources */ = {isa = PBXBuildFile; fileRef = 60A4EE9D2948BCBA00E8747B /* Player.swift */; };
		60C46ED42949121C00310CF8 /* AllTeamsView.swift in Sources */ = {isa = PBXBuildFile; fileRef = 60C46ED32949121C00310CF8 /* AllTeamsView.swift */; };
		60C46ED62949126D00310CF8 /* TeamViewModel.swift in Sources */ = {isa = PBXBuildFile; fileRef = 60C46ED52949126D00310CF8 /* TeamViewModel.swift */; };
		60C46ED82949173D00310CF8 /* TeamRowView.swift in Sources */ = {isa = PBXBuildFile; fileRef = 60C46ED72949173D00310CF8 /* TeamRowView.swift */; };
		60C46EDA294A23D100310CF8 /* NewTeamFormView.swift in Sources */ = {isa = PBXBuildFile; fileRef = 60C46ED9294A23D100310CF8 /* NewTeamFormView.swift */; };
		60C46EDC294A2ACA00310CF8 /* TeamDetailsView.swift in Sources */ = {isa = PBXBuildFile; fileRef = 60C46EDB294A2ACA00310CF8 /* TeamDetailsView.swift */; };
		60C46EDF294A2D0200310CF8 /* NewPlayerFormView.swift in Sources */ = {isa = PBXBuildFile; fileRef = 60C46EDE294A2D0200310CF8 /* NewPlayerFormView.swift */; };
		60D5FC232954BAFF00D86997 /* NewGameTeamSelectionView.swift in Sources */ = {isa = PBXBuildFile; fileRef = 60D5FC222954BAFF00D86997 /* NewGameTeamSelectionView.swift */; };
/* End PBXBuildFile section */

/* Begin PBXContainerItemProxy section */
		605E14E1293F7B6C00B906A4 /* PBXContainerItemProxy */ = {
			isa = PBXContainerItemProxy;
			containerPortal = 605E14C8293F7B6A00B906A4 /* Project object */;
			proxyType = 1;
			remoteGlobalIDString = 605E14CF293F7B6A00B906A4;
			remoteInfo = BoxScore;
		};
		605E14EB293F7B6C00B906A4 /* PBXContainerItemProxy */ = {
			isa = PBXContainerItemProxy;
			containerPortal = 605E14C8293F7B6A00B906A4 /* Project object */;
			proxyType = 1;
			remoteGlobalIDString = 605E14CF293F7B6A00B906A4;
			remoteInfo = BoxScore;
		};
/* End PBXContainerItemProxy section */

/* Begin PBXFileReference section */
		600528C82954EFB2006AB6AC /* StatsRecorderView.swift */ = {isa = PBXFileReference; lastKnownFileType = sourcecode.swift; path = StatsRecorderView.swift; sourceTree = "<group>"; };
		600528CA2954F015006AB6AC /* GameStatsViewModel.swift */ = {isa = PBXFileReference; lastKnownFileType = sourcecode.swift; path = GameStatsViewModel.swift; sourceTree = "<group>"; };
		600528CC2954FE05006AB6AC /* PlayerRowSelectableView.swift */ = {isa = PBXFileReference; lastKnownFileType = sourcecode.swift; path = PlayerRowSelectableView.swift; sourceTree = "<group>"; };
		605E14D0293F7B6A00B906A4 /* BoxScore.app */ = {isa = PBXFileReference; explicitFileType = wrapper.application; includeInIndex = 0; path = BoxScore.app; sourceTree = BUILT_PRODUCTS_DIR; };
		605E14D3293F7B6A00B906A4 /* BoxScoreApp.swift */ = {isa = PBXFileReference; lastKnownFileType = sourcecode.swift; path = BoxScoreApp.swift; sourceTree = "<group>"; };
		605E14D5293F7B6A00B906A4 /* DashboardView.swift */ = {isa = PBXFileReference; lastKnownFileType = sourcecode.swift; path = DashboardView.swift; sourceTree = "<group>"; };
		605E14D7293F7B6C00B906A4 /* Assets.xcassets */ = {isa = PBXFileReference; lastKnownFileType = folder.assetcatalog; path = Assets.xcassets; sourceTree = "<group>"; };
		605E14DA293F7B6C00B906A4 /* Preview Assets.xcassets */ = {isa = PBXFileReference; lastKnownFileType = folder.assetcatalog; path = "Preview Assets.xcassets"; sourceTree = "<group>"; };
		605E14E0293F7B6C00B906A4 /* BoxScoreTests.xctest */ = {isa = PBXFileReference; explicitFileType = wrapper.cfbundle; includeInIndex = 0; path = BoxScoreTests.xctest; sourceTree = BUILT_PRODUCTS_DIR; };
		605E14E4293F7B6C00B906A4 /* BoxScoreTests.swift */ = {isa = PBXFileReference; lastKnownFileType = sourcecode.swift; path = BoxScoreTests.swift; sourceTree = "<group>"; };
		605E14EA293F7B6C00B906A4 /* BoxScoreUITests.xctest */ = {isa = PBXFileReference; explicitFileType = wrapper.cfbundle; includeInIndex = 0; path = BoxScoreUITests.xctest; sourceTree = BUILT_PRODUCTS_DIR; };
		605E14EE293F7B6C00B906A4 /* BoxScoreUITests.swift */ = {isa = PBXFileReference; lastKnownFileType = sourcecode.swift; path = BoxScoreUITests.swift; sourceTree = "<group>"; };
		605E14F0293F7B6C00B906A4 /* BoxScoreUITestsLaunchTests.swift */ = {isa = PBXFileReference; lastKnownFileType = sourcecode.swift; path = BoxScoreUITestsLaunchTests.swift; sourceTree = "<group>"; };
		605E1501293F7E8300B906A4 /* Colors+Extension.swift */ = {isa = PBXFileReference; lastKnownFileType = sourcecode.swift; path = "Colors+Extension.swift"; sourceTree = "<group>"; };
		605E1503293F822F00B906A4 /* DashboardRowView.swift */ = {isa = PBXFileReference; lastKnownFileType = sourcecode.swift; path = DashboardRowView.swift; sourceTree = "<group>"; };
		605E1505293F824100B906A4 /* DashboardViewModel.swift */ = {isa = PBXFileReference; lastKnownFileType = sourcecode.swift; path = DashboardViewModel.swift; sourceTree = "<group>"; };
		60A4EE992948BC9800E8747B /* Game.swift */ = {isa = PBXFileReference; lastKnownFileType = sourcecode.swift; path = Game.swift; sourceTree = "<group>"; };
		60A4EE9B2948BCA600E8747B /* Team.swift */ = {isa = PBXFileReference; lastKnownFileType = sourcecode.swift; path = Team.swift; sourceTree = "<group>"; };
		60A4EE9D2948BCBA00E8747B /* Player.swift */ = {isa = PBXFileReference; lastKnownFileType = sourcecode.swift; path = Player.swift; sourceTree = "<group>"; };
		60C46ED32949121C00310CF8 /* AllTeamsView.swift */ = {isa = PBXFileReference; lastKnownFileType = sourcecode.swift; path = AllTeamsView.swift; sourceTree = "<group>"; };
		60C46ED52949126D00310CF8 /* TeamViewModel.swift */ = {isa = PBXFileReference; lastKnownFileType = sourcecode.swift; path = TeamViewModel.swift; sourceTree = "<group>"; };
		60C46ED72949173D00310CF8 /* TeamRowView.swift */ = {isa = PBXFileReference; lastKnownFileType = sourcecode.swift; path = TeamRowView.swift; sourceTree = "<group>"; };
		60C46ED9294A23D100310CF8 /* NewTeamFormView.swift */ = {isa = PBXFileReference; lastKnownFileType = sourcecode.swift; path = NewTeamFormView.swift; sourceTree = "<group>"; };
		60C46EDB294A2ACA00310CF8 /* TeamDetailsView.swift */ = {isa = PBXFileReference; lastKnownFileType = sourcecode.swift; path = TeamDetailsView.swift; sourceTree = "<group>"; };
		60C46EDE294A2D0200310CF8 /* NewPlayerFormView.swift */ = {isa = PBXFileReference; lastKnownFileType = sourcecode.swift; path = NewPlayerFormView.swift; sourceTree = "<group>"; };
		60D5FC222954BAFF00D86997 /* NewGameTeamSelectionView.swift */ = {isa = PBXFileReference; lastKnownFileType = sourcecode.swift; path = NewGameTeamSelectionView.swift; sourceTree = "<group>"; };
/* End PBXFileReference section */

/* Begin PBXFrameworksBuildPhase section */
		605E14CD293F7B6A00B906A4 /* Frameworks */ = {
			isa = PBXFrameworksBuildPhase;
			buildActionMask = 2147483647;
			files = (
			);
			runOnlyForDeploymentPostprocessing = 0;
		};
		605E14DD293F7B6C00B906A4 /* Frameworks */ = {
			isa = PBXFrameworksBuildPhase;
			buildActionMask = 2147483647;
			files = (
			);
			runOnlyForDeploymentPostprocessing = 0;
		};
		605E14E7293F7B6C00B906A4 /* Frameworks */ = {
			isa = PBXFrameworksBuildPhase;
			buildActionMask = 2147483647;
			files = (
			);
			runOnlyForDeploymentPostprocessing = 0;
		};
/* End PBXFrameworksBuildPhase section */

/* Begin PBXGroup section */
		605E14C7293F7B6A00B906A4 = {
			isa = PBXGroup;
			children = (
				605E14D2293F7B6A00B906A4 /* BoxScore */,
				605E14E3293F7B6C00B906A4 /* BoxScoreTests */,
				605E14ED293F7B6C00B906A4 /* BoxScoreUITests */,
				605E14D1293F7B6A00B906A4 /* Products */,
			);
			sourceTree = "<group>";
		};
		605E14D1293F7B6A00B906A4 /* Products */ = {
			isa = PBXGroup;
			children = (
				605E14D0293F7B6A00B906A4 /* BoxScore.app */,
				605E14E0293F7B6C00B906A4 /* BoxScoreTests.xctest */,
				605E14EA293F7B6C00B906A4 /* BoxScoreUITests.xctest */,
			);
			name = Products;
			sourceTree = "<group>";
		};
		605E14D2293F7B6A00B906A4 /* BoxScore */ = {
			isa = PBXGroup;
			children = (
				605E1500293F7E6400B906A4 /* Extensions */,
				605E14FF293F7BFE00B906A4 /* Model */,
				605E14FE293F7BF100B906A4 /* ViewModel */,
				605E14FD293F7BDE00B906A4 /* View */,
				605E14D3293F7B6A00B906A4 /* BoxScoreApp.swift */,
				605E14D7293F7B6C00B906A4 /* Assets.xcassets */,
				605E14D9293F7B6C00B906A4 /* Preview Content */,
			);
			path = BoxScore;
			sourceTree = "<group>";
		};
		605E14D9293F7B6C00B906A4 /* Preview Content */ = {
			isa = PBXGroup;
			children = (
				605E14DA293F7B6C00B906A4 /* Preview Assets.xcassets */,
			);
			path = "Preview Content";
			sourceTree = "<group>";
		};
		605E14E3293F7B6C00B906A4 /* BoxScoreTests */ = {
			isa = PBXGroup;
			children = (
				605E14E4293F7B6C00B906A4 /* BoxScoreTests.swift */,
			);
			path = BoxScoreTests;
			sourceTree = "<group>";
		};
		605E14ED293F7B6C00B906A4 /* BoxScoreUITests */ = {
			isa = PBXGroup;
			children = (
				605E14EE293F7B6C00B906A4 /* BoxScoreUITests.swift */,
				605E14F0293F7B6C00B906A4 /* BoxScoreUITestsLaunchTests.swift */,
			);
			path = BoxScoreUITests;
			sourceTree = "<group>";
		};
		605E14FD293F7BDE00B906A4 /* View */ = {
			isa = PBXGroup;
			children = (
				60D5FC212954BADD00D86997 /* NewGame */,
				60C46EDD294A2CF200310CF8 /* Players */,
				60C46ED2294911F100310CF8 /* Team */,
				60C46ED1294911E200310CF8 /* Dashboard */,
			);
			path = View;
			sourceTree = "<group>";
		};
		605E14FE293F7BF100B906A4 /* ViewModel */ = {
			isa = PBXGroup;
			children = (
				605E1505293F824100B906A4 /* DashboardViewModel.swift */,
				60C46ED52949126D00310CF8 /* TeamViewModel.swift */,
				600528CA2954F015006AB6AC /* GameStatsViewModel.swift */,
			);
			path = ViewModel;
			sourceTree = "<group>";
		};
		605E14FF293F7BFE00B906A4 /* Model */ = {
			isa = PBXGroup;
			children = (
				60A4EE992948BC9800E8747B /* Game.swift */,
				60A4EE9B2948BCA600E8747B /* Team.swift */,
				60A4EE9D2948BCBA00E8747B /* Player.swift */,
			);
			path = Model;
			sourceTree = "<group>";
		};
		605E1500293F7E6400B906A4 /* Extensions */ = {
			isa = PBXGroup;
			children = (
				605E1501293F7E8300B906A4 /* Colors+Extension.swift */,
			);
			path = Extensions;
			sourceTree = "<group>";
		};
		60C46ED1294911E200310CF8 /* Dashboard */ = {
			isa = PBXGroup;
			children = (
				605E14D5293F7B6A00B906A4 /* DashboardView.swift */,
				605E1503293F822F00B906A4 /* DashboardRowView.swift */,
			);
			path = Dashboard;
			sourceTree = "<group>";
		};
		60C46ED2294911F100310CF8 /* Team */ = {
			isa = PBXGroup;
			children = (
				60C46ED32949121C00310CF8 /* AllTeamsView.swift */,
				60C46ED72949173D00310CF8 /* TeamRowView.swift */,
				60C46ED9294A23D100310CF8 /* NewTeamFormView.swift */,
				60C46EDB294A2ACA00310CF8 /* TeamDetailsView.swift */,
			);
			path = Team;
			sourceTree = "<group>";
		};
		60C46EDD294A2CF200310CF8 /* Players */ = {
			isa = PBXGroup;
			children = (
				60C46EDE294A2D0200310CF8 /* NewPlayerFormView.swift */,
			);
			path = Players;
			sourceTree = "<group>";
		};
		60D5FC212954BADD00D86997 /* NewGame */ = {
			isa = PBXGroup;
			children = (
				60D5FC222954BAFF00D86997 /* NewGameTeamSelectionView.swift */,
				600528C82954EFB2006AB6AC /* StatsRecorderView.swift */,
				600528CC2954FE05006AB6AC /* PlayerRowSelectableView.swift */,
			);
			path = NewGame;
			sourceTree = "<group>";
		};
/* End PBXGroup section */

/* Begin PBXNativeTarget section */
		605E14CF293F7B6A00B906A4 /* BoxScore */ = {
			isa = PBXNativeTarget;
			buildConfigurationList = 605E14F4293F7B6C00B906A4 /* Build configuration list for PBXNativeTarget "BoxScore" */;
			buildPhases = (
				605E14CC293F7B6A00B906A4 /* Sources */,
				605E14CD293F7B6A00B906A4 /* Frameworks */,
				605E14CE293F7B6A00B906A4 /* Resources */,
			);
			buildRules = (
			);
			dependencies = (
			);
			name = BoxScore;
			productName = BoxScore;
			productReference = 605E14D0293F7B6A00B906A4 /* BoxScore.app */;
			productType = "com.apple.product-type.application";
		};
		605E14DF293F7B6C00B906A4 /* BoxScoreTests */ = {
			isa = PBXNativeTarget;
			buildConfigurationList = 605E14F7293F7B6C00B906A4 /* Build configuration list for PBXNativeTarget "BoxScoreTests" */;
			buildPhases = (
				605E14DC293F7B6C00B906A4 /* Sources */,
				605E14DD293F7B6C00B906A4 /* Frameworks */,
				605E14DE293F7B6C00B906A4 /* Resources */,
			);
			buildRules = (
			);
			dependencies = (
				605E14E2293F7B6C00B906A4 /* PBXTargetDependency */,
			);
			name = BoxScoreTests;
			productName = BoxScoreTests;
			productReference = 605E14E0293F7B6C00B906A4 /* BoxScoreTests.xctest */;
			productType = "com.apple.product-type.bundle.unit-test";
		};
		605E14E9293F7B6C00B906A4 /* BoxScoreUITests */ = {
			isa = PBXNativeTarget;
			buildConfigurationList = 605E14FA293F7B6C00B906A4 /* Build configuration list for PBXNativeTarget "BoxScoreUITests" */;
			buildPhases = (
				605E14E6293F7B6C00B906A4 /* Sources */,
				605E14E7293F7B6C00B906A4 /* Frameworks */,
				605E14E8293F7B6C00B906A4 /* Resources */,
			);
			buildRules = (
			);
			dependencies = (
				605E14EC293F7B6C00B906A4 /* PBXTargetDependency */,
			);
			name = BoxScoreUITests;
			productName = BoxScoreUITests;
			productReference = 605E14EA293F7B6C00B906A4 /* BoxScoreUITests.xctest */;
			productType = "com.apple.product-type.bundle.ui-testing";
		};
/* End PBXNativeTarget section */

/* Begin PBXProject section */
		605E14C8293F7B6A00B906A4 /* Project object */ = {
			isa = PBXProject;
			attributes = {
				BuildIndependentTargetsInParallel = 1;
				LastSwiftUpdateCheck = 1400;
				LastUpgradeCheck = 1400;
				TargetAttributes = {
					605E14CF293F7B6A00B906A4 = {
						CreatedOnToolsVersion = 14.0.1;
					};
					605E14DF293F7B6C00B906A4 = {
						CreatedOnToolsVersion = 14.0.1;
						TestTargetID = 605E14CF293F7B6A00B906A4;
					};
					605E14E9293F7B6C00B906A4 = {
						CreatedOnToolsVersion = 14.0.1;
						TestTargetID = 605E14CF293F7B6A00B906A4;
					};
				};
			};
			buildConfigurationList = 605E14CB293F7B6A00B906A4 /* Build configuration list for PBXProject "BoxScore" */;
			compatibilityVersion = "Xcode 14.0";
			developmentRegion = en;
			hasScannedForEncodings = 0;
			knownRegions = (
				en,
				Base,
			);
			mainGroup = 605E14C7293F7B6A00B906A4;
			productRefGroup = 605E14D1293F7B6A00B906A4 /* Products */;
			projectDirPath = "";
			projectRoot = "";
			targets = (
				605E14CF293F7B6A00B906A4 /* BoxScore */,
				605E14DF293F7B6C00B906A4 /* BoxScoreTests */,
				605E14E9293F7B6C00B906A4 /* BoxScoreUITests */,
			);
		};
/* End PBXProject section */

/* Begin PBXResourcesBuildPhase section */
		605E14CE293F7B6A00B906A4 /* Resources */ = {
			isa = PBXResourcesBuildPhase;
			buildActionMask = 2147483647;
			files = (
				605E14DB293F7B6C00B906A4 /* Preview Assets.xcassets in Resources */,
				605E14D8293F7B6C00B906A4 /* Assets.xcassets in Resources */,
			);
			runOnlyForDeploymentPostprocessing = 0;
		};
		605E14DE293F7B6C00B906A4 /* Resources */ = {
			isa = PBXResourcesBuildPhase;
			buildActionMask = 2147483647;
			files = (
			);
			runOnlyForDeploymentPostprocessing = 0;
		};
		605E14E8293F7B6C00B906A4 /* Resources */ = {
			isa = PBXResourcesBuildPhase;
			buildActionMask = 2147483647;
			files = (
			);
			runOnlyForDeploymentPostprocessing = 0;
		};
/* End PBXResourcesBuildPhase section */

/* Begin PBXSourcesBuildPhase section */
		605E14CC293F7B6A00B906A4 /* Sources */ = {
			isa = PBXSourcesBuildPhase;
			buildActionMask = 2147483647;
			files = (
				60C46EDA294A23D100310CF8 /* NewTeamFormView.swift in Sources */,
				60C46ED82949173D00310CF8 /* TeamRowView.swift in Sources */,
				600528C92954EFB2006AB6AC /* StatsRecorderView.swift in Sources */,
				60C46EDF294A2D0200310CF8 /* NewPlayerFormView.swift in Sources */,
				600528CB2954F015006AB6AC /* GameStatsViewModel.swift in Sources */,
				605E1504293F822F00B906A4 /* DashboardRowView.swift in Sources */,
				60A4EE9A2948BC9800E8747B /* Game.swift in Sources */,
				60C46ED42949121C00310CF8 /* AllTeamsView.swift in Sources */,
				60A4EE9C2948BCA600E8747B /* Team.swift in Sources */,
				605E1506293F824100B906A4 /* DashboardViewModel.swift in Sources */,
				60C46ED62949126D00310CF8 /* TeamViewModel.swift in Sources */,
				60A4EE9E2948BCBA00E8747B /* Player.swift in Sources */,
				60C46EDC294A2ACA00310CF8 /* TeamDetailsView.swift in Sources */,
				600528CD2954FE05006AB6AC /* PlayerRowSelectableView.swift in Sources */,
				605E1502293F7E8300B906A4 /* Colors+Extension.swift in Sources */,
				605E14D6293F7B6A00B906A4 /* DashboardView.swift in Sources */,
				605E14D4293F7B6A00B906A4 /* BoxScoreApp.swift in Sources */,
				60D5FC232954BAFF00D86997 /* NewGameTeamSelectionView.swift in Sources */,
			);
			runOnlyForDeploymentPostprocessing = 0;
		};
		605E14DC293F7B6C00B906A4 /* Sources */ = {
			isa = PBXSourcesBuildPhase;
			buildActionMask = 2147483647;
			files = (
				605E14E5293F7B6C00B906A4 /* BoxScoreTests.swift in Sources */,
			);
			runOnlyForDeploymentPostprocessing = 0;
		};
		605E14E6293F7B6C00B906A4 /* Sources */ = {
			isa = PBXSourcesBuildPhase;
			buildActionMask = 2147483647;
			files = (
				605E14F1293F7B6C00B906A4 /* BoxScoreUITestsLaunchTests.swift in Sources */,
				605E14EF293F7B6C00B906A4 /* BoxScoreUITests.swift in Sources */,
			);
			runOnlyForDeploymentPostprocessing = 0;
		};
/* End PBXSourcesBuildPhase section */

/* Begin PBXTargetDependency section */
		605E14E2293F7B6C00B906A4 /* PBXTargetDependency */ = {
			isa = PBXTargetDependency;
			target = 605E14CF293F7B6A00B906A4 /* BoxScore */;
			targetProxy = 605E14E1293F7B6C00B906A4 /* PBXContainerItemProxy */;
		};
		605E14EC293F7B6C00B906A4 /* PBXTargetDependency */ = {
			isa = PBXTargetDependency;
			target = 605E14CF293F7B6A00B906A4 /* BoxScore */;
			targetProxy = 605E14EB293F7B6C00B906A4 /* PBXContainerItemProxy */;
		};
/* End PBXTargetDependency section */

/* Begin XCBuildConfiguration section */
		605E14F2293F7B6C00B906A4 /* Debug */ = {
			isa = XCBuildConfiguration;
			buildSettings = {
				ALWAYS_SEARCH_USER_PATHS = NO;
				CLANG_ANALYZER_NONNULL = YES;
				CLANG_ANALYZER_NUMBER_OBJECT_CONVERSION = YES_AGGRESSIVE;
				CLANG_CXX_LANGUAGE_STANDARD = "gnu++20";
				CLANG_ENABLE_MODULES = YES;
				CLANG_ENABLE_OBJC_ARC = YES;
				CLANG_ENABLE_OBJC_WEAK = YES;
				CLANG_WARN_BLOCK_CAPTURE_AUTORELEASING = YES;
				CLANG_WARN_BOOL_CONVERSION = YES;
				CLANG_WARN_COMMA = YES;
				CLANG_WARN_CONSTANT_CONVERSION = YES;
				CLANG_WARN_DEPRECATED_OBJC_IMPLEMENTATIONS = YES;
				CLANG_WARN_DIRECT_OBJC_ISA_USAGE = YES_ERROR;
				CLANG_WARN_DOCUMENTATION_COMMENTS = YES;
				CLANG_WARN_EMPTY_BODY = YES;
				CLANG_WARN_ENUM_CONVERSION = YES;
				CLANG_WARN_INFINITE_RECURSION = YES;
				CLANG_WARN_INT_CONVERSION = YES;
				CLANG_WARN_NON_LITERAL_NULL_CONVERSION = YES;
				CLANG_WARN_OBJC_IMPLICIT_RETAIN_SELF = YES;
				CLANG_WARN_OBJC_LITERAL_CONVERSION = YES;
				CLANG_WARN_OBJC_ROOT_CLASS = YES_ERROR;
				CLANG_WARN_QUOTED_INCLUDE_IN_FRAMEWORK_HEADER = YES;
				CLANG_WARN_RANGE_LOOP_ANALYSIS = YES;
				CLANG_WARN_STRICT_PROTOTYPES = YES;
				CLANG_WARN_SUSPICIOUS_MOVE = YES;
				CLANG_WARN_UNGUARDED_AVAILABILITY = YES_AGGRESSIVE;
				CLANG_WARN_UNREACHABLE_CODE = YES;
				CLANG_WARN__DUPLICATE_METHOD_MATCH = YES;
				COPY_PHASE_STRIP = NO;
				DEBUG_INFORMATION_FORMAT = dwarf;
				ENABLE_STRICT_OBJC_MSGSEND = YES;
				ENABLE_TESTABILITY = YES;
				GCC_C_LANGUAGE_STANDARD = gnu11;
				GCC_DYNAMIC_NO_PIC = NO;
				GCC_NO_COMMON_BLOCKS = YES;
				GCC_OPTIMIZATION_LEVEL = 0;
				GCC_PREPROCESSOR_DEFINITIONS = (
					"DEBUG=1",
					"$(inherited)",
				);
				GCC_WARN_64_TO_32_BIT_CONVERSION = YES;
				GCC_WARN_ABOUT_RETURN_TYPE = YES_ERROR;
				GCC_WARN_UNDECLARED_SELECTOR = YES;
				GCC_WARN_UNINITIALIZED_AUTOS = YES_AGGRESSIVE;
				GCC_WARN_UNUSED_FUNCTION = YES;
				GCC_WARN_UNUSED_VARIABLE = YES;
				IPHONEOS_DEPLOYMENT_TARGET = 15.0;
				MTL_ENABLE_DEBUG_INFO = INCLUDE_SOURCE;
				MTL_FAST_MATH = YES;
				ONLY_ACTIVE_ARCH = YES;
				SDKROOT = iphoneos;
				SWIFT_ACTIVE_COMPILATION_CONDITIONS = DEBUG;
				SWIFT_OPTIMIZATION_LEVEL = "-Onone";
			};
			name = Debug;
		};
		605E14F3293F7B6C00B906A4 /* Release */ = {
			isa = XCBuildConfiguration;
			buildSettings = {
				ALWAYS_SEARCH_USER_PATHS = NO;
				CLANG_ANALYZER_NONNULL = YES;
				CLANG_ANALYZER_NUMBER_OBJECT_CONVERSION = YES_AGGRESSIVE;
				CLANG_CXX_LANGUAGE_STANDARD = "gnu++20";
				CLANG_ENABLE_MODULES = YES;
				CLANG_ENABLE_OBJC_ARC = YES;
				CLANG_ENABLE_OBJC_WEAK = YES;
				CLANG_WARN_BLOCK_CAPTURE_AUTORELEASING = YES;
				CLANG_WARN_BOOL_CONVERSION = YES;
				CLANG_WARN_COMMA = YES;
				CLANG_WARN_CONSTANT_CONVERSION = YES;
				CLANG_WARN_DEPRECATED_OBJC_IMPLEMENTATIONS = YES;
				CLANG_WARN_DIRECT_OBJC_ISA_USAGE = YES_ERROR;
				CLANG_WARN_DOCUMENTATION_COMMENTS = YES;
				CLANG_WARN_EMPTY_BODY = YES;
				CLANG_WARN_ENUM_CONVERSION = YES;
				CLANG_WARN_INFINITE_RECURSION = YES;
				CLANG_WARN_INT_CONVERSION = YES;
				CLANG_WARN_NON_LITERAL_NULL_CONVERSION = YES;
				CLANG_WARN_OBJC_IMPLICIT_RETAIN_SELF = YES;
				CLANG_WARN_OBJC_LITERAL_CONVERSION = YES;
				CLANG_WARN_OBJC_ROOT_CLASS = YES_ERROR;
				CLANG_WARN_QUOTED_INCLUDE_IN_FRAMEWORK_HEADER = YES;
				CLANG_WARN_RANGE_LOOP_ANALYSIS = YES;
				CLANG_WARN_STRICT_PROTOTYPES = YES;
				CLANG_WARN_SUSPICIOUS_MOVE = YES;
				CLANG_WARN_UNGUARDED_AVAILABILITY = YES_AGGRESSIVE;
				CLANG_WARN_UNREACHABLE_CODE = YES;
				CLANG_WARN__DUPLICATE_METHOD_MATCH = YES;
				COPY_PHASE_STRIP = NO;
				DEBUG_INFORMATION_FORMAT = "dwarf-with-dsym";
				ENABLE_NS_ASSERTIONS = NO;
				ENABLE_STRICT_OBJC_MSGSEND = YES;
				GCC_C_LANGUAGE_STANDARD = gnu11;
				GCC_NO_COMMON_BLOCKS = YES;
				GCC_WARN_64_TO_32_BIT_CONVERSION = YES;
				GCC_WARN_ABOUT_RETURN_TYPE = YES_ERROR;
				GCC_WARN_UNDECLARED_SELECTOR = YES;
				GCC_WARN_UNINITIALIZED_AUTOS = YES_AGGRESSIVE;
				GCC_WARN_UNUSED_FUNCTION = YES;
				GCC_WARN_UNUSED_VARIABLE = YES;
				IPHONEOS_DEPLOYMENT_TARGET = 15.0;
				MTL_ENABLE_DEBUG_INFO = NO;
				MTL_FAST_MATH = YES;
				SDKROOT = iphoneos;
				SWIFT_COMPILATION_MODE = wholemodule;
				SWIFT_OPTIMIZATION_LEVEL = "-O";
				VALIDATE_PRODUCT = YES;
			};
			name = Release;
		};
		605E14F5293F7B6C00B906A4 /* Debug */ = {
			isa = XCBuildConfiguration;
			buildSettings = {
				ASSETCATALOG_COMPILER_APPICON_NAME = AppIcon;
				ASSETCATALOG_COMPILER_GLOBAL_ACCENT_COLOR_NAME = AccentColor;
				CODE_SIGN_STYLE = Automatic;
				CURRENT_PROJECT_VERSION = 1;
				DEVELOPMENT_ASSET_PATHS = "\"BoxScore/Preview Content\"";
				DEVELOPMENT_TEAM = 4449N9T968;
				ENABLE_PREVIEWS = YES;
				GENERATE_INFOPLIST_FILE = YES;
				INFOPLIST_KEY_UIApplicationSceneManifest_Generation = YES;
				INFOPLIST_KEY_UIApplicationSupportsIndirectInputEvents = YES;
				INFOPLIST_KEY_UILaunchScreen_Generation = YES;
				INFOPLIST_KEY_UISupportedInterfaceOrientations_iPad = "UIInterfaceOrientationPortrait UIInterfaceOrientationPortraitUpsideDown UIInterfaceOrientationLandscapeLeft UIInterfaceOrientationLandscapeRight";
				INFOPLIST_KEY_UISupportedInterfaceOrientations_iPhone = "UIInterfaceOrientationPortrait UIInterfaceOrientationLandscapeLeft UIInterfaceOrientationLandscapeRight";
				IPHONEOS_DEPLOYMENT_TARGET = 15.0;
				LD_RUNPATH_SEARCH_PATHS = (
					"$(inherited)",
					"@executable_path/Frameworks",
				);
				MARKETING_VERSION = 1.0;
				PRODUCT_BUNDLE_IDENTIFIER = TomF.BoxScore;
				PRODUCT_NAME = "$(TARGET_NAME)";
				SWIFT_EMIT_LOC_STRINGS = YES;
				SWIFT_VERSION = 5.0;
				TARGETED_DEVICE_FAMILY = "1,2";
			};
			name = Debug;
		};
		605E14F6293F7B6C00B906A4 /* Release */ = {
			isa = XCBuildConfiguration;
			buildSettings = {
				ASSETCATALOG_COMPILER_APPICON_NAME = AppIcon;
				ASSETCATALOG_COMPILER_GLOBAL_ACCENT_COLOR_NAME = AccentColor;
				CODE_SIGN_STYLE = Automatic;
				CURRENT_PROJECT_VERSION = 1;
				DEVELOPMENT_ASSET_PATHS = "\"BoxScore/Preview Content\"";
				DEVELOPMENT_TEAM = 4449N9T968;
				ENABLE_PREVIEWS = YES;
				GENERATE_INFOPLIST_FILE = YES;
				INFOPLIST_KEY_UIApplicationSceneManifest_Generation = YES;
				INFOPLIST_KEY_UIApplicationSupportsIndirectInputEvents = YES;
				INFOPLIST_KEY_UILaunchScreen_Generation = YES;
				INFOPLIST_KEY_UISupportedInterfaceOrientations_iPad = "UIInterfaceOrientationPortrait UIInterfaceOrientationPortraitUpsideDown UIInterfaceOrientationLandscapeLeft UIInterfaceOrientationLandscapeRight";
				INFOPLIST_KEY_UISupportedInterfaceOrientations_iPhone = "UIInterfaceOrientationPortrait UIInterfaceOrientationLandscapeLeft UIInterfaceOrientationLandscapeRight";
				IPHONEOS_DEPLOYMENT_TARGET = 15.0;
				LD_RUNPATH_SEARCH_PATHS = (
					"$(inherited)",
					"@executable_path/Frameworks",
				);
				MARKETING_VERSION = 1.0;
				PRODUCT_BUNDLE_IDENTIFIER = TomF.BoxScore;
				PRODUCT_NAME = "$(TARGET_NAME)";
				SWIFT_EMIT_LOC_STRINGS = YES;
				SWIFT_VERSION = 5.0;
				TARGETED_DEVICE_FAMILY = "1,2";
			};
			name = Release;
		};
		605E14F8293F7B6C00B906A4 /* Debug */ = {
			isa = XCBuildConfiguration;
			buildSettings = {
				ALWAYS_EMBED_SWIFT_STANDARD_LIBRARIES = YES;
				BUNDLE_LOADER = "$(TEST_HOST)";
				CODE_SIGN_STYLE = Automatic;
				CURRENT_PROJECT_VERSION = 1;
				DEVELOPMENT_TEAM = 4449N9T968;
				GENERATE_INFOPLIST_FILE = YES;
				IPHONEOS_DEPLOYMENT_TARGET = 16.0;
				MARKETING_VERSION = 1.0;
				PRODUCT_BUNDLE_IDENTIFIER = TomF.BoxScoreTests;
				PRODUCT_NAME = "$(TARGET_NAME)";
				SWIFT_EMIT_LOC_STRINGS = NO;
				SWIFT_VERSION = 5.0;
				TARGETED_DEVICE_FAMILY = "1,2";
				TEST_HOST = "$(BUILT_PRODUCTS_DIR)/BoxScore.app/$(BUNDLE_EXECUTABLE_FOLDER_PATH)/BoxScore";
			};
			name = Debug;
		};
		605E14F9293F7B6C00B906A4 /* Release */ = {
			isa = XCBuildConfiguration;
			buildSettings = {
				ALWAYS_EMBED_SWIFT_STANDARD_LIBRARIES = YES;
				BUNDLE_LOADER = "$(TEST_HOST)";
				CODE_SIGN_STYLE = Automatic;
				CURRENT_PROJECT_VERSION = 1;
				DEVELOPMENT_TEAM = 4449N9T968;
				GENERATE_INFOPLIST_FILE = YES;
				IPHONEOS_DEPLOYMENT_TARGET = 16.0;
				MARKETING_VERSION = 1.0;
				PRODUCT_BUNDLE_IDENTIFIER = TomF.BoxScoreTests;
				PRODUCT_NAME = "$(TARGET_NAME)";
				SWIFT_EMIT_LOC_STRINGS = NO;
				SWIFT_VERSION = 5.0;
				TARGETED_DEVICE_FAMILY = "1,2";
				TEST_HOST = "$(BUILT_PRODUCTS_DIR)/BoxScore.app/$(BUNDLE_EXECUTABLE_FOLDER_PATH)/BoxScore";
			};
			name = Release;
		};
		605E14FB293F7B6C00B906A4 /* Debug */ = {
			isa = XCBuildConfiguration;
			buildSettings = {
				ALWAYS_EMBED_SWIFT_STANDARD_LIBRARIES = YES;
				CODE_SIGN_STYLE = Automatic;
				CURRENT_PROJECT_VERSION = 1;
				DEVELOPMENT_TEAM = 4449N9T968;
				GENERATE_INFOPLIST_FILE = YES;
				MARKETING_VERSION = 1.0;
				PRODUCT_BUNDLE_IDENTIFIER = TomF.BoxScoreUITests;
				PRODUCT_NAME = "$(TARGET_NAME)";
				SWIFT_EMIT_LOC_STRINGS = NO;
				SWIFT_VERSION = 5.0;
				TARGETED_DEVICE_FAMILY = "1,2";
				TEST_TARGET_NAME = BoxScore;
			};
			name = Debug;
		};
		605E14FC293F7B6C00B906A4 /* Release */ = {
			isa = XCBuildConfiguration;
			buildSettings = {
				ALWAYS_EMBED_SWIFT_STANDARD_LIBRARIES = YES;
				CODE_SIGN_STYLE = Automatic;
				CURRENT_PROJECT_VERSION = 1;
				DEVELOPMENT_TEAM = 4449N9T968;
				GENERATE_INFOPLIST_FILE = YES;
				MARKETING_VERSION = 1.0;
				PRODUCT_BUNDLE_IDENTIFIER = TomF.BoxScoreUITests;
				PRODUCT_NAME = "$(TARGET_NAME)";
				SWIFT_EMIT_LOC_STRINGS = NO;
				SWIFT_VERSION = 5.0;
				TARGETED_DEVICE_FAMILY = "1,2";
				TEST_TARGET_NAME = BoxScore;
			};
			name = Release;
		};
/* End XCBuildConfiguration section */

/* Begin XCConfigurationList section */
		605E14CB293F7B6A00B906A4 /* Build configuration list for PBXProject "BoxScore" */ = {
			isa = XCConfigurationList;
			buildConfigurations = (
				605E14F2293F7B6C00B906A4 /* Debug */,
				605E14F3293F7B6C00B906A4 /* Release */,
			);
			defaultConfigurationIsVisible = 0;
			defaultConfigurationName = Release;
		};
		605E14F4293F7B6C00B906A4 /* Build configuration list for PBXNativeTarget "BoxScore" */ = {
			isa = XCConfigurationList;
			buildConfigurations = (
				605E14F5293F7B6C00B906A4 /* Debug */,
				605E14F6293F7B6C00B906A4 /* Release */,
			);
			defaultConfigurationIsVisible = 0;
			defaultConfigurationName = Release;
		};
		605E14F7293F7B6C00B906A4 /* Build configuration list for PBXNativeTarget "BoxScoreTests" */ = {
			isa = XCConfigurationList;
			buildConfigurations = (
				605E14F8293F7B6C00B906A4 /* Debug */,
				605E14F9293F7B6C00B906A4 /* Release */,
			);
			defaultConfigurationIsVisible = 0;
			defaultConfigurationName = Release;
		};
		605E14FA293F7B6C00B906A4 /* Build configuration list for PBXNativeTarget "BoxScoreUITests" */ = {
			isa = XCConfigurationList;
			buildConfigurations = (
				605E14FB293F7B6C00B906A4 /* Debug */,
				605E14FC293F7B6C00B906A4 /* Release */,
			);
			defaultConfigurationIsVisible = 0;
			defaultConfigurationName = Release;
		};
/* End XCConfigurationList section */
	};
	rootObject = 605E14C8293F7B6A00B906A4 /* Project object */;
}
